
Microsoft Visual Studio Solution File, Format Version 12.00
# Visual Studio 15
VisualStudioVersion = 15.0.27130.2010
MinimumVisualStudioVersion = 10.0.40219.1
Project("{FAE04EC0-301F-11D3-BF4B-00C04F79EFBC}") = "WpfApp1", "WpfApp1.csproj", "{19821336-7DF6-439E-B950-16023F607BA7}"
EndProject
Global
	GlobalSection(SolutionConfigurationPlatforms) = preSolution
		Debug|Any CPU = Debug|Any CPU
		Release|Any CPU = Release|Any CPU
	EndGlobalSection
	GlobalSection(ProjectConfigurationPlatforms) = postSolution
		{19821336-7DF6-439E-B950-16023F607BA7}.Debug|Any CPU.ActiveCfg = Debug|Any CPU
		{19821336-7DF6-439E-B950-16023F607BA7}.Debug|Any CPU.Build.0 = Debug|Any CPU
		{19821336-7DF6-439E-B950-16023F607BA7}.Release|Any CPU.ActiveCfg = Release|Any CPU
		{19821336-7DF6-439E-B950-16023F607BA7}.Release|Any CPU.Build.0 = Release|Any CPU
	EndGlobalSection
	GlobalSection(SolutionProperties) = preSolution
		HideSolutionNode = FALSE
	EndGlobalSection
	GlobalSection(ExtensibilityGlobals) = postSolution
		SolutionGuid = {3F54CAFD-6694-4696-8FCB-CF7662D5F8CE}
	EndGlobalSection
EndGlobal
