
Microsoft Visual Studio Solution File, Format Version 12.00
# Visual Studio 15
VisualStudioVersion = 15.0.27004.2005
MinimumVisualStudioVersion = 10.0.40219.1
Project("{FAE04EC0-301F-11D3-BF4B-00C04F79EFBC}") = "Hameleons", "Hameleons.csproj", "{5150E60F-44BF-4864-8F79-ADAC5CFF3F34}"
EndProject
Global
	GlobalSection(SolutionConfigurationPlatforms) = preSolution
		Debug|Any CPU = Debug|Any CPU
		Release|Any CPU = Release|Any CPU
	EndGlobalSection
	GlobalSection(ProjectConfigurationPlatforms) = postSolution
		{5150E60F-44BF-4864-8F79-ADAC5CFF3F34}.Debug|Any CPU.ActiveCfg = Debug|Any CPU
		{5150E60F-44BF-4864-8F79-ADAC5CFF3F34}.Debug|Any CPU.Build.0 = Debug|Any CPU
		{5150E60F-44BF-4864-8F79-ADAC5CFF3F34}.Release|Any CPU.ActiveCfg = Release|Any CPU
		{5150E60F-44BF-4864-8F79-ADAC5CFF3F34}.Release|Any CPU.Build.0 = Release|Any CPU
	EndGlobalSection
	GlobalSection(SolutionProperties) = preSolution
		HideSolutionNode = FALSE
	EndGlobalSection
	GlobalSection(ExtensibilityGlobals) = postSolution
		SolutionGuid = {3DC7B283-CAD9-4AA5-AAA4-DE614FAA5BB7}
	EndGlobalSection
EndGlobal
