
Microsoft Visual Studio Solution File, Format Version 12.00
# Visual Studio 15
VisualStudioVersion = 15.0.28307.757
MinimumVisualStudioVersion = 10.0.40219.1
Project("{FAE04EC0-301F-11D3-BF4B-00C04F79EFBC}") = "ConsoleApp1", "ConsoleApp1.csproj", "{3C72BCEE-4667-4421-A0B5-90E92D454DDB}"
EndProject
Global
	GlobalSection(SolutionConfigurationPlatforms) = preSolution
		Debug|Any CPU = Debug|Any CPU
		Release|Any CPU = Release|Any CPU
	EndGlobalSection
	GlobalSection(ProjectConfigurationPlatforms) = postSolution
		{3C72BCEE-4667-4421-A0B5-90E92D454DDB}.Debug|Any CPU.ActiveCfg = Debug|Any CPU
		{3C72BCEE-4667-4421-A0B5-90E92D454DDB}.Debug|Any CPU.Build.0 = Debug|Any CPU
		{3C72BCEE-4667-4421-A0B5-90E92D454DDB}.Release|Any CPU.ActiveCfg = Release|Any CPU
		{3C72BCEE-4667-4421-A0B5-90E92D454DDB}.Release|Any CPU.Build.0 = Release|Any CPU
	EndGlobalSection
	GlobalSection(SolutionProperties) = preSolution
		HideSolutionNode = FALSE
	EndGlobalSection
	GlobalSection(ExtensibilityGlobals) = postSolution
		SolutionGuid = {E89CCA2B-B9AC-4DE1-9802-200BE3F1AA52}
	EndGlobalSection
EndGlobal
