
Microsoft Visual Studio Solution File, Format Version 12.00
# Visual Studio 15
VisualStudioVersion = 15.0.28307.757
MinimumVisualStudioVersion = 10.0.40219.1
Project("{FAE04EC0-301F-11D3-BF4B-00C04F79EFBC}") = "MessageBoxApp", "MessageBoxApp.csproj", "{0E4D1753-F67E-44E3-8E32-DB6E8AE1BBA5}"
EndProject
Global
	GlobalSection(SolutionConfigurationPlatforms) = preSolution
		Debug|Any CPU = Debug|Any CPU
		Release|Any CPU = Release|Any CPU
	EndGlobalSection
	GlobalSection(ProjectConfigurationPlatforms) = postSolution
		{0E4D1753-F67E-44E3-8E32-DB6E8AE1BBA5}.Debug|Any CPU.ActiveCfg = Debug|Any CPU
		{0E4D1753-F67E-44E3-8E32-DB6E8AE1BBA5}.Debug|Any CPU.Build.0 = Debug|Any CPU
		{0E4D1753-F67E-44E3-8E32-DB6E8AE1BBA5}.Release|Any CPU.ActiveCfg = Release|Any CPU
		{0E4D1753-F67E-44E3-8E32-DB6E8AE1BBA5}.Release|Any CPU.Build.0 = Release|Any CPU
	EndGlobalSection
	GlobalSection(SolutionProperties) = preSolution
		HideSolutionNode = FALSE
	EndGlobalSection
	GlobalSection(ExtensibilityGlobals) = postSolution
		SolutionGuid = {FA5E91C1-08C0-423A-979A-FF6658AB1BAA}
	EndGlobalSection
EndGlobal
