
Microsoft Visual Studio Solution File, Format Version 12.00
# Visual Studio 15
VisualStudioVersion = 15.0.28307.757
MinimumVisualStudioVersion = 10.0.40219.1
Project("{FAE04EC0-301F-11D3-BF4B-00C04F79EFBC}") = "WindowsFormsApplication", "WindowsFormsApplication\WindowsFormsApplication.csproj", "{C916E024-6CF0-43BF-9803-ECADEC74835F}"
EndProject
Global
	GlobalSection(SolutionConfigurationPlatforms) = preSolution
		Debug|Any CPU = Debug|Any CPU
		Release|Any CPU = Release|Any CPU
	EndGlobalSection
	GlobalSection(ProjectConfigurationPlatforms) = postSolution
		{C916E024-6CF0-43BF-9803-ECADEC74835F}.Debug|Any CPU.ActiveCfg = Debug|Any CPU
		{C916E024-6CF0-43BF-9803-ECADEC74835F}.Debug|Any CPU.Build.0 = Debug|Any CPU
		{C916E024-6CF0-43BF-9803-ECADEC74835F}.Release|Any CPU.ActiveCfg = Release|Any CPU
		{C916E024-6CF0-43BF-9803-ECADEC74835F}.Release|Any CPU.Build.0 = Release|Any CPU
	EndGlobalSection
	GlobalSection(SolutionProperties) = preSolution
		HideSolutionNode = FALSE
	EndGlobalSection
	GlobalSection(ExtensibilityGlobals) = postSolution
		SolutionGuid = {51DEC5AD-AA96-427F-893F-A3EB35A95694}
	EndGlobalSection
EndGlobal
