
Microsoft Visual Studio Solution File, Format Version 12.00
# Visual Studio 15
VisualStudioVersion = 15.0.27703.2047
MinimumVisualStudioVersion = 10.0.40219.1
Project("{FAE04EC0-301F-11D3-BF4B-00C04F79EFBC}") = "Test", "Test\Test.csproj", "{996A155B-5B44-4EE1-ABFC-02F06FBD4BF4}"
EndProject
Global
	GlobalSection(SolutionConfigurationPlatforms) = preSolution
		Debug|Any CPU = Debug|Any CPU
		Release|Any CPU = Release|Any CPU
	EndGlobalSection
	GlobalSection(ProjectConfigurationPlatforms) = postSolution
		{996A155B-5B44-4EE1-ABFC-02F06FBD4BF4}.Debug|Any CPU.ActiveCfg = Debug|Any CPU
		{996A155B-5B44-4EE1-ABFC-02F06FBD4BF4}.Debug|Any CPU.Build.0 = Debug|Any CPU
		{996A155B-5B44-4EE1-ABFC-02F06FBD4BF4}.Release|Any CPU.ActiveCfg = Release|Any CPU
		{996A155B-5B44-4EE1-ABFC-02F06FBD4BF4}.Release|Any CPU.Build.0 = Release|Any CPU
	EndGlobalSection
	GlobalSection(SolutionProperties) = preSolution
		HideSolutionNode = FALSE
	EndGlobalSection
	GlobalSection(ExtensibilityGlobals) = postSolution
		SolutionGuid = {B88B858A-543E-43B5-AC16-617D5061280A}
	EndGlobalSection
EndGlobal
