
Microsoft Visual Studio Solution File, Format Version 12.00
# Visual Studio 15
VisualStudioVersion = 15.0.28010.2048
MinimumVisualStudioVersion = 10.0.40219.1
Project("{FAE04EC0-301F-11D3-BF4B-00C04F79EFBC}") = "Ld43", "Ld43\Ld43.csproj", "{F5704EBA-0245-4B99-BD4C-2D1ED1466EC5}"
EndProject
Project("{FAE04EC0-301F-11D3-BF4B-00C04F79EFBC}") = "Game", "Game\Game.csproj", "{92C9E301-E473-4335-BCB7-99772523D89F}"
EndProject
Global
	GlobalSection(SolutionConfigurationPlatforms) = preSolution
		Debug|Any CPU = Debug|Any CPU
		Release|Any CPU = Release|Any CPU
	EndGlobalSection
	GlobalSection(ProjectConfigurationPlatforms) = postSolution
		{F5704EBA-0245-4B99-BD4C-2D1ED1466EC5}.Debug|Any CPU.ActiveCfg = Debug|Any CPU
		{F5704EBA-0245-4B99-BD4C-2D1ED1466EC5}.Debug|Any CPU.Build.0 = Debug|Any CPU
		{F5704EBA-0245-4B99-BD4C-2D1ED1466EC5}.Release|Any CPU.ActiveCfg = Release|Any CPU
		{F5704EBA-0245-4B99-BD4C-2D1ED1466EC5}.Release|Any CPU.Build.0 = Release|Any CPU
		{92C9E301-E473-4335-BCB7-99772523D89F}.Debug|Any CPU.ActiveCfg = Debug|Any CPU
		{92C9E301-E473-4335-BCB7-99772523D89F}.Debug|Any CPU.Build.0 = Debug|Any CPU
		{92C9E301-E473-4335-BCB7-99772523D89F}.Release|Any CPU.ActiveCfg = Release|Any CPU
		{92C9E301-E473-4335-BCB7-99772523D89F}.Release|Any CPU.Build.0 = Release|Any CPU
	EndGlobalSection
	GlobalSection(SolutionProperties) = preSolution
		HideSolutionNode = FALSE
	EndGlobalSection
	GlobalSection(ExtensibilityGlobals) = postSolution
		SolutionGuid = {37D96C1A-D9DB-4555-81B5-D55831DD2856}
	EndGlobalSection
EndGlobal
