
Microsoft Visual Studio Solution File, Format Version 12.00
# Visual Studio 15
VisualStudioVersion = 15.0.27130.2010
MinimumVisualStudioVersion = 10.0.40219.1
Project("{FAE04EC0-301F-11D3-BF4B-00C04F79EFBC}") = "ChessBoard", "ChessBoard\ChessBoard.csproj", "{763EA289-24F3-49B3-A563-E0F797D19BF7}"
EndProject
Global
	GlobalSection(SolutionConfigurationPlatforms) = preSolution
		Debug|Any CPU = Debug|Any CPU
		Release|Any CPU = Release|Any CPU
	EndGlobalSection
	GlobalSection(ProjectConfigurationPlatforms) = postSolution
		{763EA289-24F3-49B3-A563-E0F797D19BF7}.Debug|Any CPU.ActiveCfg = Debug|Any CPU
		{763EA289-24F3-49B3-A563-E0F797D19BF7}.Debug|Any CPU.Build.0 = Debug|Any CPU
		{763EA289-24F3-49B3-A563-E0F797D19BF7}.Release|Any CPU.ActiveCfg = Release|Any CPU
		{763EA289-24F3-49B3-A563-E0F797D19BF7}.Release|Any CPU.Build.0 = Release|Any CPU
	EndGlobalSection
	GlobalSection(SolutionProperties) = preSolution
		HideSolutionNode = FALSE
	EndGlobalSection
	GlobalSection(ExtensibilityGlobals) = postSolution
		SolutionGuid = {6BD9D360-7445-40CF-8D2F-A9AF6BE30AB5}
	EndGlobalSection
EndGlobal
