
Microsoft Visual Studio Solution File, Format Version 12.00
# Visual Studio 15
VisualStudioVersion = 15.0.27004.2005
MinimumVisualStudioVersion = 10.0.40219.1
Project("{FAE04EC0-301F-11D3-BF4B-00C04F79EFBC}") = "Server", "Server\Server.csproj", "{D84542D0-04AA-4BC7-B93E-5999C4AF31DC}"
EndProject
Project("{FAE04EC0-301F-11D3-BF4B-00C04F79EFBC}") = "Client", "Client\Client.csproj", "{46759C4D-845F-44F0-B1C7-34E0371004DD}"
EndProject
Global
	GlobalSection(SolutionConfigurationPlatforms) = preSolution
		Debug|Any CPU = Debug|Any CPU
		Release|Any CPU = Release|Any CPU
	EndGlobalSection
	GlobalSection(ProjectConfigurationPlatforms) = postSolution
		{D84542D0-04AA-4BC7-B93E-5999C4AF31DC}.Debug|Any CPU.ActiveCfg = Debug|Any CPU
		{D84542D0-04AA-4BC7-B93E-5999C4AF31DC}.Debug|Any CPU.Build.0 = Debug|Any CPU
		{D84542D0-04AA-4BC7-B93E-5999C4AF31DC}.Release|Any CPU.ActiveCfg = Release|Any CPU
		{D84542D0-04AA-4BC7-B93E-5999C4AF31DC}.Release|Any CPU.Build.0 = Release|Any CPU
		{46759C4D-845F-44F0-B1C7-34E0371004DD}.Debug|Any CPU.ActiveCfg = Debug|Any CPU
		{46759C4D-845F-44F0-B1C7-34E0371004DD}.Debug|Any CPU.Build.0 = Debug|Any CPU
		{46759C4D-845F-44F0-B1C7-34E0371004DD}.Release|Any CPU.ActiveCfg = Release|Any CPU
		{46759C4D-845F-44F0-B1C7-34E0371004DD}.Release|Any CPU.Build.0 = Release|Any CPU
	EndGlobalSection
	GlobalSection(SolutionProperties) = preSolution
		HideSolutionNode = FALSE
	EndGlobalSection
	GlobalSection(ExtensibilityGlobals) = postSolution
		SolutionGuid = {563E0ABF-79BC-4368-B6A7-DC7E867CEB3D}
	EndGlobalSection
EndGlobal
