
Microsoft Visual Studio Solution File, Format Version 12.00
# Visual Studio 15
VisualStudioVersion = 15.0.27130.2010
MinimumVisualStudioVersion = 10.0.40219.1
Project("{FAE04EC0-301F-11D3-BF4B-00C04F79EFBC}") = "Gallery", "Gallery.csproj", "{3BC5B6A8-AFAD-4FFF-8C30-D17E7BF7FF7D}"
EndProject
Global
	GlobalSection(SolutionConfigurationPlatforms) = preSolution
		Debug|Any CPU = Debug|Any CPU
		Release|Any CPU = Release|Any CPU
	EndGlobalSection
	GlobalSection(ProjectConfigurationPlatforms) = postSolution
		{3BC5B6A8-AFAD-4FFF-8C30-D17E7BF7FF7D}.Debug|Any CPU.ActiveCfg = Debug|Any CPU
		{3BC5B6A8-AFAD-4FFF-8C30-D17E7BF7FF7D}.Debug|Any CPU.Build.0 = Debug|Any CPU
		{3BC5B6A8-AFAD-4FFF-8C30-D17E7BF7FF7D}.Release|Any CPU.ActiveCfg = Release|Any CPU
		{3BC5B6A8-AFAD-4FFF-8C30-D17E7BF7FF7D}.Release|Any CPU.Build.0 = Release|Any CPU
	EndGlobalSection
	GlobalSection(SolutionProperties) = preSolution
		HideSolutionNode = FALSE
	EndGlobalSection
	GlobalSection(ExtensibilityGlobals) = postSolution
		SolutionGuid = {6378839A-1EDB-4BA4-B480-0866035C9528}
	EndGlobalSection
EndGlobal
