
Microsoft Visual Studio Solution File, Format Version 12.00
# Visual Studio 15
VisualStudioVersion = 15.0.28307.757
MinimumVisualStudioVersion = 10.0.40219.1
Project("{FAE04EC0-301F-11D3-BF4B-00C04F79EFBC}") = "ConsoleApplication", "ConsoleApplication.csproj", "{151C23F4-E152-4FE1-A9C3-5D5C5911A313}"
EndProject
Global
	GlobalSection(SolutionConfigurationPlatforms) = preSolution
		Debug|Any CPU = Debug|Any CPU
		Release|Any CPU = Release|Any CPU
	EndGlobalSection
	GlobalSection(ProjectConfigurationPlatforms) = postSolution
		{151C23F4-E152-4FE1-A9C3-5D5C5911A313}.Debug|Any CPU.ActiveCfg = Debug|Any CPU
		{151C23F4-E152-4FE1-A9C3-5D5C5911A313}.Debug|Any CPU.Build.0 = Debug|Any CPU
		{151C23F4-E152-4FE1-A9C3-5D5C5911A313}.Release|Any CPU.ActiveCfg = Release|Any CPU
		{151C23F4-E152-4FE1-A9C3-5D5C5911A313}.Release|Any CPU.Build.0 = Release|Any CPU
	EndGlobalSection
	GlobalSection(SolutionProperties) = preSolution
		HideSolutionNode = FALSE
	EndGlobalSection
	GlobalSection(ExtensibilityGlobals) = postSolution
		SolutionGuid = {36F9C2F0-0F38-44A6-B64D-8C2F37647FAE}
	EndGlobalSection
EndGlobal
