
Microsoft Visual Studio Solution File, Format Version 12.00
# Visual Studio 15
VisualStudioVersion = 15.0.27130.2010
MinimumVisualStudioVersion = 10.0.40219.1
Project("{FAE04EC0-301F-11D3-BF4B-00C04F79EFBC}") = "reminder", "reminder\reminder.csproj", "{704C0B60-E11E-4067-BB43-1CE456004E87}"
EndProject
Global
	GlobalSection(SolutionConfigurationPlatforms) = preSolution
		Debug|Any CPU = Debug|Any CPU
		Release|Any CPU = Release|Any CPU
	EndGlobalSection
	GlobalSection(ProjectConfigurationPlatforms) = postSolution
		{704C0B60-E11E-4067-BB43-1CE456004E87}.Debug|Any CPU.ActiveCfg = Debug|Any CPU
		{704C0B60-E11E-4067-BB43-1CE456004E87}.Debug|Any CPU.Build.0 = Debug|Any CPU
		{704C0B60-E11E-4067-BB43-1CE456004E87}.Release|Any CPU.ActiveCfg = Release|Any CPU
		{704C0B60-E11E-4067-BB43-1CE456004E87}.Release|Any CPU.Build.0 = Release|Any CPU
	EndGlobalSection
	GlobalSection(SolutionProperties) = preSolution
		HideSolutionNode = FALSE
	EndGlobalSection
	GlobalSection(ExtensibilityGlobals) = postSolution
		SolutionGuid = {F1D01EA6-D326-4A79-87E2-2B837325DCFD}
	EndGlobalSection
EndGlobal
