
Microsoft Visual Studio Solution File, Format Version 12.00
# Visual Studio 15
VisualStudioVersion = 15.0.27703.2047
MinimumVisualStudioVersion = 10.0.40219.1
Project("{FAE04EC0-301F-11D3-BF4B-00C04F79EFBC}") = "GraphicFilesDB", "GraphicFilesDB.csproj", "{0CFC6310-3192-4AA6-88BF-9720B9144A02}"
EndProject
Global
	GlobalSection(SolutionConfigurationPlatforms) = preSolution
		Debug|Any CPU = Debug|Any CPU
		Release|Any CPU = Release|Any CPU
	EndGlobalSection
	GlobalSection(ProjectConfigurationPlatforms) = postSolution
		{0CFC6310-3192-4AA6-88BF-9720B9144A02}.Debug|Any CPU.ActiveCfg = Debug|Any CPU
		{0CFC6310-3192-4AA6-88BF-9720B9144A02}.Debug|Any CPU.Build.0 = Debug|Any CPU
		{0CFC6310-3192-4AA6-88BF-9720B9144A02}.Release|Any CPU.ActiveCfg = Release|Any CPU
		{0CFC6310-3192-4AA6-88BF-9720B9144A02}.Release|Any CPU.Build.0 = Release|Any CPU
	EndGlobalSection
	GlobalSection(SolutionProperties) = preSolution
		HideSolutionNode = FALSE
	EndGlobalSection
	GlobalSection(ExtensibilityGlobals) = postSolution
		SolutionGuid = {778D986D-D558-4F42-B0D0-24C8E4B1C86C}
	EndGlobalSection
EndGlobal
