
Microsoft Visual Studio Solution File, Format Version 12.00
# Visual Studio 15
VisualStudioVersion = 15.0.27703.2047
MinimumVisualStudioVersion = 10.0.40219.1
Project("{FAE04EC0-301F-11D3-BF4B-00C04F79EFBC}") = "TestMyLib", "TestMyLib.csproj", "{B3E012FE-021C-4B58-876A-73F3566C1189}"
EndProject
Global
	GlobalSection(SolutionConfigurationPlatforms) = preSolution
		Debug|Any CPU = Debug|Any CPU
		Release|Any CPU = Release|Any CPU
	EndGlobalSection
	GlobalSection(ProjectConfigurationPlatforms) = postSolution
		{B3E012FE-021C-4B58-876A-73F3566C1189}.Debug|Any CPU.ActiveCfg = Debug|Any CPU
		{B3E012FE-021C-4B58-876A-73F3566C1189}.Debug|Any CPU.Build.0 = Debug|Any CPU
		{B3E012FE-021C-4B58-876A-73F3566C1189}.Release|Any CPU.ActiveCfg = Release|Any CPU
		{B3E012FE-021C-4B58-876A-73F3566C1189}.Release|Any CPU.Build.0 = Release|Any CPU
	EndGlobalSection
	GlobalSection(SolutionProperties) = preSolution
		HideSolutionNode = FALSE
	EndGlobalSection
	GlobalSection(ExtensibilityGlobals) = postSolution
		SolutionGuid = {5BE44162-870B-4032-BD5F-087438E3D65A}
	EndGlobalSection
EndGlobal
