
Microsoft Visual Studio Solution File, Format Version 12.00
# Visual Studio 15
VisualStudioVersion = 15.0.27004.2005
MinimumVisualStudioVersion = 10.0.40219.1
Project("{FAE04EC0-301F-11D3-BF4B-00C04F79EFBC}") = "DualHttp", "DualHttp\DualHttp.csproj", "{FE9C762D-4F4F-4F8A-A74D-B0BEC18EECB0}"
EndProject
Project("{FAE04EC0-301F-11D3-BF4B-00C04F79EFBC}") = "Client", "Client\Client.csproj", "{7444FCC1-0323-48D4-9516-9000176B1E6B}"
	ProjectSection(ProjectDependencies) = postProject
		{FE9C762D-4F4F-4F8A-A74D-B0BEC18EECB0} = {FE9C762D-4F4F-4F8A-A74D-B0BEC18EECB0}
	EndProjectSection
EndProject
Global
	GlobalSection(SolutionConfigurationPlatforms) = preSolution
		Debug|Any CPU = Debug|Any CPU
		Release|Any CPU = Release|Any CPU
	EndGlobalSection
	GlobalSection(ProjectConfigurationPlatforms) = postSolution
		{FE9C762D-4F4F-4F8A-A74D-B0BEC18EECB0}.Debug|Any CPU.ActiveCfg = Debug|Any CPU
		{FE9C762D-4F4F-4F8A-A74D-B0BEC18EECB0}.Debug|Any CPU.Build.0 = Debug|Any CPU
		{FE9C762D-4F4F-4F8A-A74D-B0BEC18EECB0}.Release|Any CPU.ActiveCfg = Release|Any CPU
		{FE9C762D-4F4F-4F8A-A74D-B0BEC18EECB0}.Release|Any CPU.Build.0 = Release|Any CPU
		{7444FCC1-0323-48D4-9516-9000176B1E6B}.Debug|Any CPU.ActiveCfg = Debug|Any CPU
		{7444FCC1-0323-48D4-9516-9000176B1E6B}.Debug|Any CPU.Build.0 = Debug|Any CPU
		{7444FCC1-0323-48D4-9516-9000176B1E6B}.Release|Any CPU.ActiveCfg = Release|Any CPU
		{7444FCC1-0323-48D4-9516-9000176B1E6B}.Release|Any CPU.Build.0 = Release|Any CPU
	EndGlobalSection
	GlobalSection(SolutionProperties) = preSolution
		HideSolutionNode = FALSE
	EndGlobalSection
	GlobalSection(ExtensibilityGlobals) = postSolution
		SolutionGuid = {256E8F0C-FC5A-49C1-8181-AD6654644149}
	EndGlobalSection
EndGlobal
