
Microsoft Visual Studio Solution File, Format Version 12.00
# Visual Studio 15
VisualStudioVersion = 15.0.27703.2047
MinimumVisualStudioVersion = 10.0.40219.1
Project("{FAE04EC0-301F-11D3-BF4B-00C04F79EFBC}") = "Test1.Android", "Test1\Test1.Android\Test1.Android.csproj", "{77AD7798-F19D-43C8-85B2-B10FBE384479}"
EndProject
Project("{FAE04EC0-301F-11D3-BF4B-00C04F79EFBC}") = "Test1.iOS", "Test1\Test1.iOS\Test1.iOS.csproj", "{6FB22037-C7AA-464B-A7BC-E08F09F927FF}"
EndProject
Project("{FAE04EC0-301F-11D3-BF4B-00C04F79EFBC}") = "Test1", "Test1\Test1\Test1.csproj", "{5561C8BD-438D-4BE7-9A58-E9E3EF844BEF}"
EndProject
Global
	GlobalSection(SolutionConfigurationPlatforms) = preSolution
		Ad-Hoc|Any CPU = Ad-Hoc|Any CPU
		Ad-Hoc|iPhone = Ad-Hoc|iPhone
		Ad-Hoc|iPhoneSimulator = Ad-Hoc|iPhoneSimulator
		AppStore|Any CPU = AppStore|Any CPU
		AppStore|iPhone = AppStore|iPhone
		AppStore|iPhoneSimulator = AppStore|iPhoneSimulator
		Debug|Any CPU = Debug|Any CPU
		Debug|iPhone = Debug|iPhone
		Debug|iPhoneSimulator = Debug|iPhoneSimulator
		Release|Any CPU = Release|Any CPU
		Release|iPhone = Release|iPhone
		Release|iPhoneSimulator = Release|iPhoneSimulator
	EndGlobalSection
	GlobalSection(ProjectConfigurationPlatforms) = postSolution
		{77AD7798-F19D-43C8-85B2-B10FBE384479}.Ad-Hoc|Any CPU.ActiveCfg = Release|Any CPU
		{77AD7798-F19D-43C8-85B2-B10FBE384479}.Ad-Hoc|Any CPU.Build.0 = Release|Any CPU
		{77AD7798-F19D-43C8-85B2-B10FBE384479}.Ad-Hoc|Any CPU.Deploy.0 = Release|Any CPU
		{77AD7798-F19D-43C8-85B2-B10FBE384479}.Ad-Hoc|iPhone.ActiveCfg = Release|Any CPU
		{77AD7798-F19D-43C8-85B2-B10FBE384479}.Ad-Hoc|iPhone.Build.0 = Release|Any CPU
		{77AD7798-F19D-43C8-85B2-B10FBE384479}.Ad-Hoc|iPhone.Deploy.0 = Release|Any CPU
		{77AD7798-F19D-43C8-85B2-B10FBE384479}.Ad-Hoc|iPhoneSimulator.ActiveCfg = Release|Any CPU
		{77AD7798-F19D-43C8-85B2-B10FBE384479}.Ad-Hoc|iPhoneSimulator.Build.0 = Release|Any CPU
		{77AD7798-F19D-43C8-85B2-B10FBE384479}.Ad-Hoc|iPhoneSimulator.Deploy.0 = Release|Any CPU
		{77AD7798-F19D-43C8-85B2-B10FBE384479}.AppStore|Any CPU.ActiveCfg = Release|Any CPU
		{77AD7798-F19D-43C8-85B2-B10FBE384479}.AppStore|Any CPU.Build.0 = Release|Any CPU
		{77AD7798-F19D-43C8-85B2-B10FBE384479}.AppStore|Any CPU.Deploy.0 = Release|Any CPU
		{77AD7798-F19D-43C8-85B2-B10FBE384479}.AppStore|iPhone.ActiveCfg = Release|Any CPU
		{77AD7798-F19D-43C8-85B2-B10FBE384479}.AppStore|iPhone.Build.0 = Release|Any CPU
		{77AD7798-F19D-43C8-85B2-B10FBE384479}.AppStore|iPhone.Deploy.0 = Release|Any CPU
		{77AD7798-F19D-43C8-85B2-B10FBE384479}.AppStore|iPhoneSimulator.ActiveCfg = Release|Any CPU
		{77AD7798-F19D-43C8-85B2-B10FBE384479}.AppStore|iPhoneSimulator.Build.0 = Release|Any CPU
		{77AD7798-F19D-43C8-85B2-B10FBE384479}.AppStore|iPhoneSimulator.Deploy.0 = Release|Any CPU
		{77AD7798-F19D-43C8-85B2-B10FBE384479}.Debug|Any CPU.ActiveCfg = Debug|Any CPU
		{77AD7798-F19D-43C8-85B2-B10FBE384479}.Debug|Any CPU.Build.0 = Debug|Any CPU
		{77AD7798-F19D-43C8-85B2-B10FBE384479}.Debug|Any CPU.Deploy.0 = Debug|Any CPU
		{77AD7798-F19D-43C8-85B2-B10FBE384479}.Debug|iPhone.ActiveCfg = Debug|Any CPU
		{77AD7798-F19D-43C8-85B2-B10FBE384479}.Debug|iPhone.Build.0 = Debug|Any CPU
		{77AD7798-F19D-43C8-85B2-B10FBE384479}.Debug|iPhone.Deploy.0 = Debug|Any CPU
		{77AD7798-F19D-43C8-85B2-B10FBE384479}.Debug|iPhoneSimulator.ActiveCfg = Debug|Any CPU
		{77AD7798-F19D-43C8-85B2-B10FBE384479}.Debug|iPhoneSimulator.Build.0 = Debug|Any CPU
		{77AD7798-F19D-43C8-85B2-B10FBE384479}.Debug|iPhoneSimulator.Deploy.0 = Debug|Any CPU
		{77AD7798-F19D-43C8-85B2-B10FBE384479}.Release|Any CPU.ActiveCfg = Release|Any CPU
		{77AD7798-F19D-43C8-85B2-B10FBE384479}.Release|Any CPU.Build.0 = Release|Any CPU
		{77AD7798-F19D-43C8-85B2-B10FBE384479}.Release|Any CPU.Deploy.0 = Release|Any CPU
		{77AD7798-F19D-43C8-85B2-B10FBE384479}.Release|iPhone.ActiveCfg = Release|Any CPU
		{77AD7798-F19D-43C8-85B2-B10FBE384479}.Release|iPhone.Build.0 = Release|Any CPU
		{77AD7798-F19D-43C8-85B2-B10FBE384479}.Release|iPhone.Deploy.0 = Release|Any CPU
		{77AD7798-F19D-43C8-85B2-B10FBE384479}.Release|iPhoneSimulator.ActiveCfg = Release|Any CPU
		{77AD7798-F19D-43C8-85B2-B10FBE384479}.Release|iPhoneSimulator.Build.0 = Release|Any CPU
		{77AD7798-F19D-43C8-85B2-B10FBE384479}.Release|iPhoneSimulator.Deploy.0 = Release|Any CPU
		{6FB22037-C7AA-464B-A7BC-E08F09F927FF}.Ad-Hoc|Any CPU.ActiveCfg = Ad-Hoc|iPhone
		{6FB22037-C7AA-464B-A7BC-E08F09F927FF}.Ad-Hoc|Any CPU.Build.0 = Ad-Hoc|iPhone
		{6FB22037-C7AA-464B-A7BC-E08F09F927FF}.Ad-Hoc|Any CPU.Deploy.0 = Ad-Hoc|iPhone
		{6FB22037-C7AA-464B-A7BC-E08F09F927FF}.Ad-Hoc|iPhone.ActiveCfg = Ad-Hoc|iPhone
		{6FB22037-C7AA-464B-A7BC-E08F09F927FF}.Ad-Hoc|iPhone.Build.0 = Ad-Hoc|iPhone
		{6FB22037-C7AA-464B-A7BC-E08F09F927FF}.Ad-Hoc|iPhone.Deploy.0 = Ad-Hoc|iPhone
		{6FB22037-C7AA-464B-A7BC-E08F09F927FF}.Ad-Hoc|iPhoneSimulator.ActiveCfg = Ad-Hoc|iPhoneSimulator
		{6FB22037-C7AA-464B-A7BC-E08F09F927FF}.Ad-Hoc|iPhoneSimulator.Build.0 = Ad-Hoc|iPhoneSimulator
		{6FB22037-C7AA-464B-A7BC-E08F09F927FF}.Ad-Hoc|iPhoneSimulator.Deploy.0 = Ad-Hoc|iPhoneSimulator
		{6FB22037-C7AA-464B-A7BC-E08F09F927FF}.AppStore|Any CPU.ActiveCfg = AppStore|iPhone
		{6FB22037-C7AA-464B-A7BC-E08F09F927FF}.AppStore|Any CPU.Build.0 = AppStore|iPhone
		{6FB22037-C7AA-464B-A7BC-E08F09F927FF}.AppStore|Any CPU.Deploy.0 = AppStore|iPhone
		{6FB22037-C7AA-464B-A7BC-E08F09F927FF}.AppStore|iPhone.ActiveCfg = AppStore|iPhone
		{6FB22037-C7AA-464B-A7BC-E08F09F927FF}.AppStore|iPhone.Build.0 = AppStore|iPhone
		{6FB22037-C7AA-464B-A7BC-E08F09F927FF}.AppStore|iPhone.Deploy.0 = AppStore|iPhone
		{6FB22037-C7AA-464B-A7BC-E08F09F927FF}.AppStore|iPhoneSimulator.ActiveCfg = AppStore|iPhoneSimulator
		{6FB22037-C7AA-464B-A7BC-E08F09F927FF}.AppStore|iPhoneSimulator.Build.0 = AppStore|iPhoneSimulator
		{6FB22037-C7AA-464B-A7BC-E08F09F927FF}.AppStore|iPhoneSimulator.Deploy.0 = AppStore|iPhoneSimulator
		{6FB22037-C7AA-464B-A7BC-E08F09F927FF}.Debug|Any CPU.ActiveCfg = Debug|iPhoneSimulator
		{6FB22037-C7AA-464B-A7BC-E08F09F927FF}.Debug|Any CPU.Build.0 = Debug|iPhoneSimulator
		{6FB22037-C7AA-464B-A7BC-E08F09F927FF}.Debug|Any CPU.Deploy.0 = Debug|iPhoneSimulator
		{6FB22037-C7AA-464B-A7BC-E08F09F927FF}.Debug|iPhone.ActiveCfg = Debug|iPhone
		{6FB22037-C7AA-464B-A7BC-E08F09F927FF}.Debug|iPhone.Build.0 = Debug|iPhone
		{6FB22037-C7AA-464B-A7BC-E08F09F927FF}.Debug|iPhone.Deploy.0 = Debug|iPhone
		{6FB22037-C7AA-464B-A7BC-E08F09F927FF}.Debug|iPhoneSimulator.ActiveCfg = Debug|iPhoneSimulator
		{6FB22037-C7AA-464B-A7BC-E08F09F927FF}.Debug|iPhoneSimulator.Build.0 = Debug|iPhoneSimulator
		{6FB22037-C7AA-464B-A7BC-E08F09F927FF}.Debug|iPhoneSimulator.Deploy.0 = Debug|iPhoneSimulator
		{6FB22037-C7AA-464B-A7BC-E08F09F927FF}.Release|Any CPU.ActiveCfg = Release|iPhone
		{6FB22037-C7AA-464B-A7BC-E08F09F927FF}.Release|Any CPU.Build.0 = Release|iPhone
		{6FB22037-C7AA-464B-A7BC-E08F09F927FF}.Release|Any CPU.Deploy.0 = Release|iPhone
		{6FB22037-C7AA-464B-A7BC-E08F09F927FF}.Release|iPhone.ActiveCfg = Release|iPhone
		{6FB22037-C7AA-464B-A7BC-E08F09F927FF}.Release|iPhone.Build.0 = Release|iPhone
		{6FB22037-C7AA-464B-A7BC-E08F09F927FF}.Release|iPhone.Deploy.0 = Release|iPhone
		{6FB22037-C7AA-464B-A7BC-E08F09F927FF}.Release|iPhoneSimulator.ActiveCfg = Release|iPhoneSimulator
		{6FB22037-C7AA-464B-A7BC-E08F09F927FF}.Release|iPhoneSimulator.Build.0 = Release|iPhoneSimulator
		{6FB22037-C7AA-464B-A7BC-E08F09F927FF}.Release|iPhoneSimulator.Deploy.0 = Release|iPhoneSimulator
		{5561C8BD-438D-4BE7-9A58-E9E3EF844BEF}.Ad-Hoc|Any CPU.ActiveCfg = Debug|Any CPU
		{5561C8BD-438D-4BE7-9A58-E9E3EF844BEF}.Ad-Hoc|Any CPU.Build.0 = Debug|Any CPU
		{5561C8BD-438D-4BE7-9A58-E9E3EF844BEF}.Ad-Hoc|Any CPU.Deploy.0 = Debug|Any CPU
		{5561C8BD-438D-4BE7-9A58-E9E3EF844BEF}.Ad-Hoc|iPhone.ActiveCfg = Debug|Any CPU
		{5561C8BD-438D-4BE7-9A58-E9E3EF844BEF}.Ad-Hoc|iPhone.Build.0 = Debug|Any CPU
		{5561C8BD-438D-4BE7-9A58-E9E3EF844BEF}.Ad-Hoc|iPhone.Deploy.0 = Debug|Any CPU
		{5561C8BD-438D-4BE7-9A58-E9E3EF844BEF}.Ad-Hoc|iPhoneSimulator.ActiveCfg = Debug|Any CPU
		{5561C8BD-438D-4BE7-9A58-E9E3EF844BEF}.Ad-Hoc|iPhoneSimulator.Build.0 = Debug|Any CPU
		{5561C8BD-438D-4BE7-9A58-E9E3EF844BEF}.Ad-Hoc|iPhoneSimulator.Deploy.0 = Debug|Any CPU
		{5561C8BD-438D-4BE7-9A58-E9E3EF844BEF}.AppStore|Any CPU.ActiveCfg = Debug|Any CPU
		{5561C8BD-438D-4BE7-9A58-E9E3EF844BEF}.AppStore|Any CPU.Build.0 = Debug|Any CPU
		{5561C8BD-438D-4BE7-9A58-E9E3EF844BEF}.AppStore|Any CPU.Deploy.0 = Debug|Any CPU
		{5561C8BD-438D-4BE7-9A58-E9E3EF844BEF}.AppStore|iPhone.ActiveCfg = Debug|Any CPU
		{5561C8BD-438D-4BE7-9A58-E9E3EF844BEF}.AppStore|iPhone.Build.0 = Debug|Any CPU
		{5561C8BD-438D-4BE7-9A58-E9E3EF844BEF}.AppStore|iPhone.Deploy.0 = Debug|Any CPU
		{5561C8BD-438D-4BE7-9A58-E9E3EF844BEF}.AppStore|iPhoneSimulator.ActiveCfg = Debug|Any CPU
		{5561C8BD-438D-4BE7-9A58-E9E3EF844BEF}.AppStore|iPhoneSimulator.Build.0 = Debug|Any CPU
		{5561C8BD-438D-4BE7-9A58-E9E3EF844BEF}.AppStore|iPhoneSimulator.Deploy.0 = Debug|Any CPU
		{5561C8BD-438D-4BE7-9A58-E9E3EF844BEF}.Debug|Any CPU.ActiveCfg = Debug|Any CPU
		{5561C8BD-438D-4BE7-9A58-E9E3EF844BEF}.Debug|Any CPU.Build.0 = Debug|Any CPU
		{5561C8BD-438D-4BE7-9A58-E9E3EF844BEF}.Debug|Any CPU.Deploy.0 = Debug|Any CPU
		{5561C8BD-438D-4BE7-9A58-E9E3EF844BEF}.Debug|iPhone.ActiveCfg = Debug|Any CPU
		{5561C8BD-438D-4BE7-9A58-E9E3EF844BEF}.Debug|iPhone.Build.0 = Debug|Any CPU
		{5561C8BD-438D-4BE7-9A58-E9E3EF844BEF}.Debug|iPhone.Deploy.0 = Debug|Any CPU
		{5561C8BD-438D-4BE7-9A58-E9E3EF844BEF}.Debug|iPhoneSimulator.ActiveCfg = Debug|Any CPU
		{5561C8BD-438D-4BE7-9A58-E9E3EF844BEF}.Debug|iPhoneSimulator.Build.0 = Debug|Any CPU
		{5561C8BD-438D-4BE7-9A58-E9E3EF844BEF}.Debug|iPhoneSimulator.Deploy.0 = Debug|Any CPU
		{5561C8BD-438D-4BE7-9A58-E9E3EF844BEF}.Release|Any CPU.ActiveCfg = Release|Any CPU
		{5561C8BD-438D-4BE7-9A58-E9E3EF844BEF}.Release|Any CPU.Build.0 = Release|Any CPU
		{5561C8BD-438D-4BE7-9A58-E9E3EF844BEF}.Release|Any CPU.Deploy.0 = Release|Any CPU
		{5561C8BD-438D-4BE7-9A58-E9E3EF844BEF}.Release|iPhone.ActiveCfg = Release|Any CPU
		{5561C8BD-438D-4BE7-9A58-E9E3EF844BEF}.Release|iPhone.Build.0 = Release|Any CPU
		{5561C8BD-438D-4BE7-9A58-E9E3EF844BEF}.Release|iPhone.Deploy.0 = Release|Any CPU
		{5561C8BD-438D-4BE7-9A58-E9E3EF844BEF}.Release|iPhoneSimulator.ActiveCfg = Release|Any CPU
		{5561C8BD-438D-4BE7-9A58-E9E3EF844BEF}.Release|iPhoneSimulator.Build.0 = Release|Any CPU
		{5561C8BD-438D-4BE7-9A58-E9E3EF844BEF}.Release|iPhoneSimulator.Deploy.0 = Release|Any CPU
	EndGlobalSection
	GlobalSection(SolutionProperties) = preSolution
		HideSolutionNode = FALSE
	EndGlobalSection
	GlobalSection(ExtensibilityGlobals) = postSolution
		SolutionGuid = {1C6C1395-DAE9-443D-A87E-FB078F3D8345}
	EndGlobalSection
EndGlobal
