
Microsoft Visual Studio Solution File, Format Version 12.00
# Visual Studio 15
VisualStudioVersion = 15.0.28010.2048
MinimumVisualStudioVersion = 10.0.40219.1
Project("{FAE04EC0-301F-11D3-BF4B-00C04F79EFBC}") = "TaoTest", "TaoTest.csproj", "{17355B82-1A9D-47CE-B492-BF4F4BF70AC6}"
EndProject
Global
	GlobalSection(SolutionConfigurationPlatforms) = preSolution
		Debug|Any CPU = Debug|Any CPU
		Release|Any CPU = Release|Any CPU
	EndGlobalSection
	GlobalSection(ProjectConfigurationPlatforms) = postSolution
		{17355B82-1A9D-47CE-B492-BF4F4BF70AC6}.Debug|Any CPU.ActiveCfg = Debug|Any CPU
		{17355B82-1A9D-47CE-B492-BF4F4BF70AC6}.Debug|Any CPU.Build.0 = Debug|Any CPU
		{17355B82-1A9D-47CE-B492-BF4F4BF70AC6}.Release|Any CPU.ActiveCfg = Release|Any CPU
		{17355B82-1A9D-47CE-B492-BF4F4BF70AC6}.Release|Any CPU.Build.0 = Release|Any CPU
	EndGlobalSection
	GlobalSection(SolutionProperties) = preSolution
		HideSolutionNode = FALSE
	EndGlobalSection
	GlobalSection(ExtensibilityGlobals) = postSolution
		SolutionGuid = {EBF8602C-1A41-4109-8DFD-AFC5EF220214}
	EndGlobalSection
EndGlobal
