
Microsoft Visual Studio Solution File, Format Version 12.00
# Visual Studio 15
VisualStudioVersion = 15.0.27130.2010
MinimumVisualStudioVersion = 10.0.40219.1
Project("{8BC9CEB8-8B4A-11D0-8D11-00A0C91BC942}") = "LifeConsole", "LifeConsole.vcxproj", "{1F9AFEFF-830D-4735-A67E-B36DB071FD3F}"
EndProject
Global
	GlobalSection(SolutionConfigurationPlatforms) = preSolution
		Debug|x64 = Debug|x64
		Debug|x86 = Debug|x86
		Release|x64 = Release|x64
		Release|x86 = Release|x86
	EndGlobalSection
	GlobalSection(ProjectConfigurationPlatforms) = postSolution
		{1F9AFEFF-830D-4735-A67E-B36DB071FD3F}.Debug|x64.ActiveCfg = Debug|x64
		{1F9AFEFF-830D-4735-A67E-B36DB071FD3F}.Debug|x64.Build.0 = Debug|x64
		{1F9AFEFF-830D-4735-A67E-B36DB071FD3F}.Debug|x86.ActiveCfg = Debug|Win32
		{1F9AFEFF-830D-4735-A67E-B36DB071FD3F}.Debug|x86.Build.0 = Debug|Win32
		{1F9AFEFF-830D-4735-A67E-B36DB071FD3F}.Release|x64.ActiveCfg = Release|x64
		{1F9AFEFF-830D-4735-A67E-B36DB071FD3F}.Release|x64.Build.0 = Release|x64
		{1F9AFEFF-830D-4735-A67E-B36DB071FD3F}.Release|x86.ActiveCfg = Release|Win32
		{1F9AFEFF-830D-4735-A67E-B36DB071FD3F}.Release|x86.Build.0 = Release|Win32
	EndGlobalSection
	GlobalSection(SolutionProperties) = preSolution
		HideSolutionNode = FALSE
	EndGlobalSection
	GlobalSection(ExtensibilityGlobals) = postSolution
		SolutionGuid = {81369DB3-2924-4F72-9E81-ADA75B4A7A1D}
	EndGlobalSection
EndGlobal
