
Microsoft Visual Studio Solution File, Format Version 12.00
# Visual Studio 15
VisualStudioVersion = 15.0.27703.2047
MinimumVisualStudioVersion = 10.0.40219.1
Project("{8BC9CEB8-8B4A-11D0-8D11-00A0C91BC942}") = "DialogNBtn", "DialogNBtn\DialogNBtn.vcxproj", "{103396C3-71E2-4B15-9257-D9A8B81960EF}"
EndProject
Global
	GlobalSection(SolutionConfigurationPlatforms) = preSolution
		Debug|x64 = Debug|x64
		Debug|x86 = Debug|x86
		Release|x64 = Release|x64
		Release|x86 = Release|x86
	EndGlobalSection
	GlobalSection(ProjectConfigurationPlatforms) = postSolution
		{103396C3-71E2-4B15-9257-D9A8B81960EF}.Debug|x64.ActiveCfg = Debug|x64
		{103396C3-71E2-4B15-9257-D9A8B81960EF}.Debug|x64.Build.0 = Debug|x64
		{103396C3-71E2-4B15-9257-D9A8B81960EF}.Debug|x86.ActiveCfg = Debug|Win32
		{103396C3-71E2-4B15-9257-D9A8B81960EF}.Debug|x86.Build.0 = Debug|Win32
		{103396C3-71E2-4B15-9257-D9A8B81960EF}.Release|x64.ActiveCfg = Release|x64
		{103396C3-71E2-4B15-9257-D9A8B81960EF}.Release|x64.Build.0 = Release|x64
		{103396C3-71E2-4B15-9257-D9A8B81960EF}.Release|x86.ActiveCfg = Release|Win32
		{103396C3-71E2-4B15-9257-D9A8B81960EF}.Release|x86.Build.0 = Release|Win32
	EndGlobalSection
	GlobalSection(SolutionProperties) = preSolution
		HideSolutionNode = FALSE
	EndGlobalSection
	GlobalSection(ExtensibilityGlobals) = postSolution
		SolutionGuid = {214FEBFC-9208-4449-B236-BB87E9D4502D}
	EndGlobalSection
EndGlobal
