
Microsoft Visual Studio Solution File, Format Version 12.00
# Visual Studio 15
VisualStudioVersion = 15.0.27130.2010
MinimumVisualStudioVersion = 10.0.40219.1
Project("{FAE04EC0-301F-11D3-BF4B-00C04F79EFBC}") = "XMLDirParser", "XMLDirParser.csproj", "{4EA7B471-0D1A-4017-8D0D-82643E83471F}"
EndProject
Global
	GlobalSection(SolutionConfigurationPlatforms) = preSolution
		Debug|Any CPU = Debug|Any CPU
		Release|Any CPU = Release|Any CPU
	EndGlobalSection
	GlobalSection(ProjectConfigurationPlatforms) = postSolution
		{4EA7B471-0D1A-4017-8D0D-82643E83471F}.Debug|Any CPU.ActiveCfg = Debug|Any CPU
		{4EA7B471-0D1A-4017-8D0D-82643E83471F}.Debug|Any CPU.Build.0 = Debug|Any CPU
		{4EA7B471-0D1A-4017-8D0D-82643E83471F}.Release|Any CPU.ActiveCfg = Release|Any CPU
		{4EA7B471-0D1A-4017-8D0D-82643E83471F}.Release|Any CPU.Build.0 = Release|Any CPU
	EndGlobalSection
	GlobalSection(SolutionProperties) = preSolution
		HideSolutionNode = FALSE
	EndGlobalSection
	GlobalSection(ExtensibilityGlobals) = postSolution
		SolutionGuid = {2AE8D479-5400-4320-B449-B5CBE537DF96}
	EndGlobalSection
EndGlobal
