<?xml version="1.0" encoding="utf-8"?>
<Project ToolsVersion="4.0" xmlns="http://schemas.microsoft.com/developer/msbuild/2003">
  <ItemGroup>
    <Filter Include="Source Files">
      <UniqueIdentifier>{4FC737F1-C7A5-4376-A066-2A32D752A2FF}</UniqueIdentifier>
      <Extensions>cpp;c;cc;cxx;def;odl;idl;hpj;bat;asm;asmx</Extensions>
    </Filter>
    <Filter Include="Header Files">
      <UniqueIdentifier>{93995380-89BD-4b04-88EB-625FBE52EBFB}</UniqueIdentifier>
      <Extensions>h;hh;hpp;hxx;hm;inl;inc;xsd</Extensions>
    </Filter>
    <Filter Include="Resource Files">
      <UniqueIdentifier>{67DA6AB6-F800-4c08-8B7A-83BB121AAD01}</UniqueIdentifier>
      <Extensions>rc;ico;cur;bmp;dlg;rc2;rct;bin;rgs;gif;jpg;jpeg;jpe;resx;tiff;tif;png;wav;mfcribbon-ms</Extensions>
    </Filter>
    <Filter Include="Header Files\game">
      <UniqueIdentifier>{55c62da6-4a41-4bbe-a5a5-8d9a2687aa84}</UniqueIdentifier>
    </Filter>
    <Filter Include="Header Files\io">
      <UniqueIdentifier>{7d6a5755-dcfd-4276-9070-5826c892e0c3}</UniqueIdentifier>
    </Filter>
    <Filter Include="Source Files\io">
      <UniqueIdentifier>{35de81fd-60b8-4a8c-986e-bb867f83aa5d}</UniqueIdentifier>
    </Filter>
    <Filter Include="Source Files\game">
      <UniqueIdentifier>{7342d025-9f81-490f-943b-309e69677905}</UniqueIdentifier>
    </Filter>
    <Filter Include="Header Files\menu">
      <UniqueIdentifier>{d1ac82b1-43d1-403a-9438-f6e32bc67632}</UniqueIdentifier>
    </Filter>
    <Filter Include="Source Files\menu">
      <UniqueIdentifier>{b272665d-319c-4ed8-a22e-958c762c4037}</UniqueIdentifier>
    </Filter>
    <Filter Include="Header Files\game\infoOutput">
      <UniqueIdentifier>{753f9d4a-118c-49be-9b7d-3c54d2425f2f}</UniqueIdentifier>
    </Filter>
    <Filter Include="Source Files\game\infoOutput">
      <UniqueIdentifier>{757d6727-298a-44d8-bccf-d800e9245fd4}</UniqueIdentifier>
    </Filter>
    <Filter Include="Header Files\sounds">
      <UniqueIdentifier>{5d360f65-a3d3-4f80-a3dc-bb204affe3ff}</UniqueIdentifier>
    </Filter>
    <Filter Include="Source Files\sounds">
      <UniqueIdentifier>{f4264544-00fb-42e7-bc6c-6cfa24f2a419}</UniqueIdentifier>
    </Filter>
  </ItemGroup>
  <ItemGroup>
    <ClInclude Include="preCompiled.h">
      <Filter>Header Files</Filter>
    </ClInclude>
    <ClInclude Include="globalVars.h">
      <Filter>Header Files</Filter>
    </ClInclude>
    <ClInclude Include="game.h">
      <Filter>Header Files\game</Filter>
    </ClInclude>
    <ClInclude Include="hgeFunc.h">
      <Filter>Header Files\io</Filter>
    </ClInclude>
    <ClInclude Include="renderFunc.h">
      <Filter>Header Files\io</Filter>
    </ClInclude>
    <ClInclude Include="inputFunc.h">
      <Filter>Header Files\io</Filter>
    </ClInclude>
    <ClInclude Include="InputQueue.h">
      <Filter>Header Files\io</Filter>
    </ClInclude>
    <ClInclude Include="tetrisFigure.h">
      <Filter>Header Files\game</Filter>
    </ClInclude>
    <ClInclude Include="menu.h">
      <Filter>Header Files\menu</Filter>
    </ClInclude>
    <ClInclude Include="scoreNumber.h">
      <Filter>Header Files\game\infoOutput</Filter>
    </ClInclude>
    <ClInclude Include="gameInfo.h">
      <Filter>Header Files\game\infoOutput</Filter>
    </ClInclude>
    <ClInclude Include="difficult.h">
      <Filter>Header Files\game</Filter>
    </ClInclude>
    <ClInclude Include="Button.h">
      <Filter>Header Files\io</Filter>
    </ClInclude>
    <ClInclude Include="baseSound.h">
      <Filter>Header Files\sounds</Filter>
    </ClInclude>
    <ClInclude Include="SoundMusic.h">
      <Filter>Header Files\sounds</Filter>
    </ClInclude>
    <ClInclude Include="SoundSound.h">
      <Filter>Header Files\sounds</Filter>
    </ClInclude>
    <ClInclude Include="resource.h">
      <Filter>Resource Files</Filter>
    </ClInclude>
    <ClInclude Include="SettingsMenu.h">
      <Filter>Header Files\menu</Filter>
    </ClInclude>
  </ItemGroup>
  <ItemGroup>
    <ClCompile Include="main.cpp">
      <Filter>Source Files</Filter>
    </ClCompile>
    <ClCompile Include="globalVars.cpp">
      <Filter>Source Files</Filter>
    </ClCompile>
    <ClCompile Include="game.cpp">
      <Filter>Source Files\game</Filter>
    </ClCompile>
    <ClCompile Include="hgeFunc.cpp">
      <Filter>Source Files\io</Filter>
    </ClCompile>
    <ClCompile Include="inputFunc.cpp">
      <Filter>Source Files\io</Filter>
    </ClCompile>
    <ClCompile Include="InputQueue.cpp">
      <Filter>Source Files\io</Filter>
    </ClCompile>
    <ClCompile Include="renderFunc.cpp">
      <Filter>Source Files\io</Filter>
    </ClCompile>
    <ClCompile Include="tetrisFigure.cpp">
      <Filter>Source Files\game</Filter>
    </ClCompile>
    <ClCompile Include="menu.cpp">
      <Filter>Source Files\menu</Filter>
    </ClCompile>
    <ClCompile Include="gameInfo.cpp">
      <Filter>Source Files\game\infoOutput</Filter>
    </ClCompile>
    <ClCompile Include="scoreNumber.cpp">
      <Filter>Source Files\game\infoOutput</Filter>
    </ClCompile>
    <ClCompile Include="difficult.cpp">
      <Filter>Source Files\game</Filter>
    </ClCompile>
    <ClCompile Include="Button.cpp">
      <Filter>Source Files\io</Filter>
    </ClCompile>
    <ClCompile Include="baseSound.cpp">
      <Filter>Source Files\sounds</Filter>
    </ClCompile>
    <ClCompile Include="SoundMusic.cpp">
      <Filter>Source Files\sounds</Filter>
    </ClCompile>
    <ClCompile Include="SoundSound.cpp">
      <Filter>Source Files\sounds</Filter>
    </ClCompile>
    <ClCompile Include="SettingsMenu.cpp">
      <Filter>Source Files\menu</Filter>
    </ClCompile>
  </ItemGroup>
  <ItemGroup>
    <ResourceCompile Include="Tetris.rc">
      <Filter>Resource Files</Filter>
    </ResourceCompile>
  </ItemGroup>
  <ItemGroup>
    <Image Include="Debug\icon.ico">
      <Filter>Resource Files</Filter>
    </Image>
  </ItemGroup>
</Project>