
Microsoft Visual Studio Solution File, Format Version 12.00
# Visual Studio 15
VisualStudioVersion = 15.0.27004.2005
MinimumVisualStudioVersion = 10.0.40219.1
Project("{FAE04EC0-301F-11D3-BF4B-00C04F79EFBC}") = "Downloader", "Downloader\Downloader.csproj", "{8A5DBFCA-743D-4109-833B-4867C43D10B6}"
EndProject
Project("{FAE04EC0-301F-11D3-BF4B-00C04F79EFBC}") = "ConsoleLauncher", "ConsoleLauncher\ConsoleLauncher.csproj", "{60EC5D42-6C32-4E64-B920-1D2F73C49AE7}"
EndProject
Global
	GlobalSection(SolutionConfigurationPlatforms) = preSolution
		Debug|Any CPU = Debug|Any CPU
		Release|Any CPU = Release|Any CPU
	EndGlobalSection
	GlobalSection(ProjectConfigurationPlatforms) = postSolution
		{8A5DBFCA-743D-4109-833B-4867C43D10B6}.Debug|Any CPU.ActiveCfg = Debug|Any CPU
		{8A5DBFCA-743D-4109-833B-4867C43D10B6}.Debug|Any CPU.Build.0 = Debug|Any CPU
		{8A5DBFCA-743D-4109-833B-4867C43D10B6}.Release|Any CPU.ActiveCfg = Release|Any CPU
		{8A5DBFCA-743D-4109-833B-4867C43D10B6}.Release|Any CPU.Build.0 = Release|Any CPU
		{60EC5D42-6C32-4E64-B920-1D2F73C49AE7}.Debug|Any CPU.ActiveCfg = Debug|Any CPU
		{60EC5D42-6C32-4E64-B920-1D2F73C49AE7}.Debug|Any CPU.Build.0 = Debug|Any CPU
		{60EC5D42-6C32-4E64-B920-1D2F73C49AE7}.Release|Any CPU.ActiveCfg = Release|Any CPU
		{60EC5D42-6C32-4E64-B920-1D2F73C49AE7}.Release|Any CPU.Build.0 = Release|Any CPU
	EndGlobalSection
	GlobalSection(SolutionProperties) = preSolution
		HideSolutionNode = FALSE
	EndGlobalSection
	GlobalSection(ExtensibilityGlobals) = postSolution
		SolutionGuid = {4B828A04-4085-4F6C-B8A5-005B76BD24A1}
	EndGlobalSection
EndGlobal
