
Microsoft Visual Studio Solution File, Format Version 12.00
# Visual Studio 15
VisualStudioVersion = 15.0.27004.2005
MinimumVisualStudioVersion = 10.0.40219.1
Project("{FAE04EC0-301F-11D3-BF4B-00C04F79EFBC}") = "Converter", "Converter\Converter.csproj", "{642CC031-76B2-4C8C-9133-34F6FC24E5EB}"
EndProject
Project("{FAE04EC0-301F-11D3-BF4B-00C04F79EFBC}") = "WindowsClient", "WindowsClient\WindowsClient.csproj", "{7DF78DD9-281A-48C7-B947-0B4A4D96C742}"
	ProjectSection(ProjectDependencies) = postProject
		{642CC031-76B2-4C8C-9133-34F6FC24E5EB} = {642CC031-76B2-4C8C-9133-34F6FC24E5EB}
	EndProjectSection
EndProject
Global
	GlobalSection(SolutionConfigurationPlatforms) = preSolution
		Debug|Any CPU = Debug|Any CPU
		Release|Any CPU = Release|Any CPU
	EndGlobalSection
	GlobalSection(ProjectConfigurationPlatforms) = postSolution
		{642CC031-76B2-4C8C-9133-34F6FC24E5EB}.Debug|Any CPU.ActiveCfg = Debug|Any CPU
		{642CC031-76B2-4C8C-9133-34F6FC24E5EB}.Debug|Any CPU.Build.0 = Debug|Any CPU
		{642CC031-76B2-4C8C-9133-34F6FC24E5EB}.Release|Any CPU.ActiveCfg = Release|Any CPU
		{642CC031-76B2-4C8C-9133-34F6FC24E5EB}.Release|Any CPU.Build.0 = Release|Any CPU
		{7DF78DD9-281A-48C7-B947-0B4A4D96C742}.Debug|Any CPU.ActiveCfg = Debug|Any CPU
		{7DF78DD9-281A-48C7-B947-0B4A4D96C742}.Debug|Any CPU.Build.0 = Debug|Any CPU
		{7DF78DD9-281A-48C7-B947-0B4A4D96C742}.Release|Any CPU.ActiveCfg = Release|Any CPU
		{7DF78DD9-281A-48C7-B947-0B4A4D96C742}.Release|Any CPU.Build.0 = Release|Any CPU
	EndGlobalSection
	GlobalSection(SolutionProperties) = preSolution
		HideSolutionNode = FALSE
	EndGlobalSection
	GlobalSection(ExtensibilityGlobals) = postSolution
		SolutionGuid = {563CA958-56F7-4642-A2ED-D782D68641DE}
	EndGlobalSection
EndGlobal
