
Microsoft Visual Studio Solution File, Format Version 12.00
# Visual Studio 15
VisualStudioVersion = 15.0.27703.2026
MinimumVisualStudioVersion = 10.0.40219.1
Project("{FAE04EC0-301F-11D3-BF4B-00C04F79EFBC}") = "MCS", "MCS.csproj", "{D3EB23C5-B4ED-4469-8F3E-602E1B0959CF}"
EndProject
Global
	GlobalSection(SolutionConfigurationPlatforms) = preSolution
		Debug|Any CPU = Debug|Any CPU
		Release|Any CPU = Release|Any CPU
	EndGlobalSection
	GlobalSection(ProjectConfigurationPlatforms) = postSolution
		{D3EB23C5-B4ED-4469-8F3E-602E1B0959CF}.Debug|Any CPU.ActiveCfg = Debug|Any CPU
		{D3EB23C5-B4ED-4469-8F3E-602E1B0959CF}.Debug|Any CPU.Build.0 = Debug|Any CPU
		{D3EB23C5-B4ED-4469-8F3E-602E1B0959CF}.Release|Any CPU.ActiveCfg = Release|Any CPU
		{D3EB23C5-B4ED-4469-8F3E-602E1B0959CF}.Release|Any CPU.Build.0 = Release|Any CPU
	EndGlobalSection
	GlobalSection(SolutionProperties) = preSolution
		HideSolutionNode = FALSE
	EndGlobalSection
	GlobalSection(ExtensibilityGlobals) = postSolution
		SolutionGuid = {09D97661-82D2-4EA1-8772-0E0A984093ED}
	EndGlobalSection
EndGlobal
